// !$*UTF8*$!
{
	archiveVersion = 1;
	classes = {
	};
	objectVersion = 46;
	objects = {

/* Begin PBXBuildFile section */
		4D17FCCB1BC80FA4001C5DA0 /* main.m in Sources */ = {isa = PBXBuildFile; fileRef = 4D17FCCA1BC80FA4001C5DA0 /* main.m */; };
/* End PBXBuildFile section */

/* Begin PBXCopyFilesBuildPhase section */
		4D17FCC51BC80FA4001C5DA0 /* CopyFiles */ = {
			isa = PBXCopyFilesBuildPhase;
			buildActionMask = 2147483647;
			dstPath = /usr/share/man/man1/;
			dstSubfolderSpec = 0;
			files = (
			);
			runOnlyForDeploymentPostprocessing = 1;
		};
/* End PBXCopyFilesBuildPhase section */

/* Begin PBXFileReference section */
		4D17FCC71BC80FA4001C5DA0 /* CocoaButter */ = {isa = PBXFileReference; explicitFileType = "compiled.mach-o.executable"; includeInIndex = 0; path = CocoaButter; sourceTree = BUILT_PRODUCTS_DIR; };
		4D17FCCA1BC80FA4001C5DA0 /* main.m */ = {isa = PBXFileReference; lastKnownFileType = sourcecode.c.objc; path = main.m; sourceTree = "<group>"; };
/* End PBXFileReference section */

/* Begin PBXFrameworksBuildPhase section */
		4D17FCC41BC80FA4001C5DA0 /* Frameworks */ = {
			isa = PBXFrameworksBuildPhase;
			buildActionMask = 2147483647;
			files = (
			);
			runOnlyForDeploymentPostprocessing = 0;
		};
/* End PBXFrameworksBuildPhase section */

/* Begin PBXGroup section */
		4D17FCBE1BC80FA4001C5DA0 = {
			isa = PBXGroup;
			children = (
				4D17FCC91BC80FA4001C5DA0 /* CocoaButter */,
				4D17FCC81BC80FA4001C5DA0 /* Products */,
			);
			sourceTree = "<group>";
		};
		4D17FCC81BC80FA4001C5DA0 /* Products */ = {
			isa = PBXGroup;
			children = (
				4D17FCC71BC80FA4001C5DA0 /* CocoaButter */,
			);
			name = Products;
			sourceTree = "<group>";
		};
		4D17FCC91BC80FA4001C5DA0 /* CocoaButter */ = {
			isa = PBXGroup;
			children = (
				4D17FCCA1BC80FA4001C5DA0 /* main.m */,
			);
			path = CocoaButter;
			sourceTree = "<group>";
		};
/* End PBXGroup section */

/* Begin PBXNativeTarget section */
		4D17FCC61BC80FA4001C5DA0 /* CocoaButter */ = {
			isa = PBXNativeTarget;
			buildConfigurationList = 4D17FCCE1BC80FA4001C5DA0 /* Build configuration list for PBXNativeTarget "CocoaButter" */;
			buildPhases = (
				4D17FCC31BC80FA4001C5DA0 /* Sources */,
				4D17FCC41BC80FA4001C5DA0 /* Frameworks */,
				4D17FCC51BC80FA4001C5DA0 /* CopyFiles */,
			);
			buildRules = (
			);
			dependencies = (
			);
			name = CocoaButter;
			productName = CocoaButter;
			productReference = 4D17FCC71BC80FA4001C5DA0 /* CocoaButter */;
			productType = "com.apple.product-type.tool";
		};
/* End PBXNativeTarget section */

/* Begin PBXProject section */
		4D17FCBF1BC80FA4001C5DA0 /* Project object */ = {
			isa = PBXProject;
			attributes = {
				LastUpgradeCheck = 0710;
				ORGANIZATIONNAME = "iwascoding GmbH";
				TargetAttributes = {
					4D17FCC61BC80FA4001C5DA0 = {
						CreatedOnToolsVersion = 7.1;
					};
				};
			};
			buildConfigurationList = 4D17FCC21BC80FA4001C5DA0 /* Build configuration list for PBXProject "CocoaButter" */;
			compatibilityVersion = "Xcode 3.2";
			developmentRegion = English;
			hasScannedForEncodings = 0;
			knownRegions = (
				en,
			);
			mainGroup = 4D17FCBE1BC80FA4001C5DA0;
			productRefGroup = 4D17FCC81BC80FA4001C5DA0 /* Products */;
			projectDirPath = "";
			projectRoot = "";
			targets = (
				4D17FCC61BC80FA4001C5DA0 /* CocoaButter */,
			);
		};
/* End PBXProject section */

/* Begin PBXSourcesBuildPhase section */
		4D17FCC31BC80FA4001C5DA0 /* Sources */ = {
			isa = PBXSourcesBuildPhase;
			buildActionMask = 2147483647;
			files = (
				4D17FCCB1BC80FA4001C5DA0 /* main.m in Sources */,
			);
			runOnlyForDeploymentPostprocessing = 0;
		};
/* End PBXSourcesBuildPhase section */

/* Begin XCBuildConfiguration section */
		4D17FCCC1BC80FA4001C5DA0 /* Debug */ = {
			isa = XCBuildConfiguration;
			buildSettings = {
				ALWAYS_SEARCH_USER_PATHS = NO;
				CLANG_CXX_LANGUAGE_STANDARD = "gnu++0x";
				CLANG_CXX_LIBRARY = "libc++";
				CLANG_ENABLE_MODULES = YES;
				CLANG_ENABLE_OBJC_ARC = YES;
				CLANG_WARN_BOOL_CONVERSION = YES;
				CLANG_WARN_CONSTANT_CONVERSION = YES;
				CLANG_WARN_DIRECT_OBJC_ISA_USAGE = YES_ERROR;
				CLANG_WARN_EMPTY_BODY = YES;
				CLANG_WARN_ENUM_CONVERSION = YES;
				CLANG_WARN_INT_CONVERSION = YES;
				CLANG_WARN_OBJC_ROOT_CLASS = YES_ERROR;
				CLANG_WARN_UNREACHABLE_CODE = YES;
				CLANG_WARN__DUPLICATE_METHOD_MATCH = YES;
				CODE_SIGN_IDENTITY = "-";
				COPY_PHASE_STRIP = NO;
				DEBUG_INFORMATION_FORMAT = dwarf;
				ENABLE_STRICT_OBJC_MSGSEND = YES;
				ENABLE_TESTABILITY = YES;
				GCC_C_LANGUAGE_STANDARD = gnu99;
				GCC_DYNAMIC_NO_PIC = NO;
				GCC_NO_COMMON_BLOCKS = YES;
				GCC_OPTIMIZATION_LEVEL = 0;
				GCC_PREPROCESSOR_DEFINITIONS = (
					"DEBUG=1",
					"$(inherited)",
				);
				GCC_WARN_64_TO_32_BIT_CONVERSION = YES;
				GCC_WARN_ABOUT_RETURN_TYPE = YES_ERROR;
				GCC_WARN_UNDECLARED_SELECTOR = YES;
				GCC_WARN_UNINITIALIZED_AUTOS = YES_AGGRESSIVE;
				GCC_WARN_UNUSED_FUNCTION = YES;
				GCC_WARN_UNUSED_VARIABLE = YES;
				MACOSX_DEPLOYMENT_TARGET = 10.11;
				MTL_ENABLE_DEBUG_INFO = YES;
				ONLY_ACTIVE_ARCH = YES;
				SDKROOT = macosx;
			};
			name = Debug;
		};
		4D17FCCD1BC80FA4001C5DA0 /* Release */ = {
			isa = XCBuildConfiguration;
			buildSettings = {
				ALWAYS_SEARCH_USER_PATHS = NO;
				CLANG_CXX_LANGUAGE_STANDARD = "gnu++0x";
				CLANG_CXX_LIBRARY = "libc++";
				CLANG_ENABLE_MODULES = YES;
				CLANG_ENABLE_OBJC_ARC = YES;
				CLANG_WARN_BOOL_CONVERSION = YES;
				CLANG_WARN_CONSTANT_CONVERSION = YES;
				CLANG_WARN_DIRECT_OBJC_ISA_USAGE = YES_ERROR;
				CLANG_WARN_EMPTY_BODY = YES;
				CLANG_WARN_ENUM_CONVERSION = YES;
				CLANG_WARN_INT_CONVERSION = YES;
				CLANG_WARN_OBJC_ROOT_CLASS = YES_ERROR;
				CLANG_WARN_UNREACHABLE_CODE = YES;
				CLANG_WARN__DUPLICATE_METHOD_MATCH = YES;
				CODE_SIGN_IDENTITY = "-";
				COPY_PHASE_STRIP = NO;
				DEBUG_INFORMATION_FORMAT = "dwarf-with-dsym";
				ENABLE_NS_ASSERTIONS = NO;
				ENABLE_STRICT_OBJC_MSGSEND = YES;
				GCC_C_LANGUAGE_STANDARD = gnu99;
				GCC_NO_COMMON_BLOCKS = YES;
				GCC_WARN_64_TO_32_BIT_CONVERSION = YES;
				GCC_WARN_ABOUT_RETURN_TYPE = YES_ERROR;
				GCC_WARN_UNDECLARED_SELECTOR = YES;
				GCC_WARN_UNINITIALIZED_AUTOS = YES_AGGRESSIVE;
				GCC_WARN_UNUSED_FUNCTION = YES;
				GCC_WARN_UNUSED_VARIABLE = YES;
				MACOSX_DEPLOYMENT_TARGET = 10.11;
				MTL_ENABLE_DEBUG_INFO = NO;
				SDKROOT = macosx;
			};
			name = Release;
		};
		4D17FCCF1BC80FA4001C5DA0 /* Debug */ = {
			isa = XCBuildConfiguration;
			buildSettings = {
				PRODUCT_NAME = "$(TARGET_NAME)";
			};
			name = Debug;
		};
		4D17FCD01BC80FA4001C5DA0 /* Release */ = {
			isa = XCBuildConfiguration;
			buildSettings = {
				PRODUCT_NAME = "$(TARGET_NAME)";
			};
			name = Release;
		};
/* End XCBuildConfiguration section */

/* Begin XCConfigurationList section */
		4D17FCC21BC80FA4001C5DA0 /* Build configuration list for PBXProject "CocoaButter" */ = {
			isa = XCConfigurationList;
			buildConfigurations = (
				4D17FCCC1BC80FA4001C5DA0 /* Debug */,
				4D17FCCD1BC80FA4001C5DA0 /* Release */,
			);
			defaultConfigurationIsVisible = 0;
			defaultConfigurationName = Release;
		};
		4D17FCCE1BC80FA4001C5DA0 /* Build configuration list for PBXNativeTarget "CocoaButter" */ = {
			isa = XCConfigurationList;
			buildConfigurations = (
				4D17FCCF1BC80FA4001C5DA0 /* Debug */,
				4D17FCD01BC80FA4001C5DA0 /* Release */,
			);
			defaultConfigurationIsVisible = 0;
		};
/* End XCConfigurationList section */
	};
	rootObject = 4D17FCBF1BC80FA4001C5DA0 /* Project object */;
}
